
Microsoft Visual Studio Solution File, Format Version 12.00
# Visual Studio 15
VisualStudioVersion = 15.0.28307.421
MinimumVisualStudioVersion = 10.0.40219.1
Project("{FAE04EC0-301F-11D3-BF4B-00C04F79EFBC}") = "UnitTestProject6", "UnitTestProject6\UnitTestProject6.csproj", "{CE58FEAE-CA4B-4BF1-9A11-2E41AABBAF85}"
EndProject
Global
	GlobalSection(SolutionConfigurationPlatforms) = preSolution
		Debug|Any CPU = Debug|Any CPU
		Release|Any CPU = Release|Any CPU
	EndGlobalSection
	GlobalSection(ProjectConfigurationPlatforms) = postSolution
		{CE58FEAE-CA4B-4BF1-9A11-2E41AABBAF85}.Debug|Any CPU.ActiveCfg = Debug|Any CPU
		{CE58FEAE-CA4B-4BF1-9A11-2E41AABBAF85}.Debug|Any CPU.Build.0 = Debug|Any CPU
		{CE58FEAE-CA4B-4BF1-9A11-2E41AABBAF85}.Release|Any CPU.ActiveCfg = Release|Any CPU
		{CE58FEAE-CA4B-4BF1-9A11-2E41AABBAF85}.Release|Any CPU.Build.0 = Release|Any CPU
	EndGlobalSection
	GlobalSection(SolutionProperties) = preSolution
		HideSolutionNode = FALSE
	EndGlobalSection
	GlobalSection(ExtensibilityGlobals) = postSolution
		SolutionGuid = {52A93662-5F1E-471E-B0F7-577C7467189D}
	EndGlobalSection
EndGlobal
